
Microsoft Visual Studio Solution File, Format Version 12.00
# Visual Studio 15
VisualStudioVersion = 15.0.28307.329
MinimumVisualStudioVersion = 10.0.40219.1
Project("{9A19103F-16F7-4668-BE54-9A1E7A4F7556}") = "Spark.Engine", "src\Spark.Engine\Spark.Engine.csproj", "{426991A6-546C-43D5-B055-A38D0175824F}"
EndProject
Project("{9A19103F-16F7-4668-BE54-9A1E7A4F7556}") = "Spark.Mongo", "src\Spark.Mongo\Spark.Mongo.csproj", "{5F0EAEA9-5226-46FF-A915-4DE9B3BA6ADD}"
EndProject
Project("{FAE04EC0-301F-11D3-BF4B-00C04F79EFBC}") = "Spark", "src\Spark\Spark.csproj", "{D12C6E96-4893-408E-9F53-A142DC82E993}"
EndProject
Project("{9A19103F-16F7-4668-BE54-9A1E7A4F7556}") = "Spark.Engine.Test", "src\Spark.Engine.Test\Spark.Engine.Test.csproj", "{5CA90A21-AC2E-4C30-B618-A459A1E5B04F}"
EndProject
Project("{9A19103F-16F7-4668-BE54-9A1E7A4F7556}") = "Spark.Mongo.Tests", "src\Spark.Mongo.Tests\Spark.Mongo.Tests.csproj", "{3D3C588D-6BB5-46CD-B844-61136D30A1FB}"
EndProject
Project("{9A19103F-16F7-4668-BE54-9A1E7A4F7556}") = "Spark.Web", "src\Spark.Web\Spark.Web.csproj", "{5AF3F7A2-45A3-4116-88DC-F6983533DF7B}"
EndProject
Project("{FAE04EC0-301F-11D3-BF4B-00C04F79EFBC}") = "Spark.IntegrationTest", "src\Spark.IntegrationTest\Spark.IntegrationTest.csproj", "{94CBA86B-14B2-4608-A026-2F97F1964BA6}"
EndProject
Global
	GlobalSection(SolutionConfigurationPlatforms) = preSolution
		Debug|Any CPU = Debug|Any CPU
		Release|Any CPU = Release|Any CPU
	EndGlobalSection
	GlobalSection(ProjectConfigurationPlatforms) = postSolution
		{426991A6-546C-43D5-B055-A38D0175824F}.Debug|Any CPU.ActiveCfg = Debug|Any CPU
		{426991A6-546C-43D5-B055-A38D0175824F}.Debug|Any CPU.Build.0 = Debug|Any CPU
		{426991A6-546C-43D5-B055-A38D0175824F}.Release|Any CPU.ActiveCfg = Release|Any CPU
		{426991A6-546C-43D5-B055-A38D0175824F}.Release|Any CPU.Build.0 = Release|Any CPU
		{5F0EAEA9-5226-46FF-A915-4DE9B3BA6ADD}.Debug|Any CPU.ActiveCfg = Debug|Any CPU
		{5F0EAEA9-5226-46FF-A915-4DE9B3BA6ADD}.Debug|Any CPU.Build.0 = Debug|Any CPU
		{5F0EAEA9-5226-46FF-A915-4DE9B3BA6ADD}.Release|Any CPU.ActiveCfg = Release|Any CPU
		{5F0EAEA9-5226-46FF-A915-4DE9B3BA6ADD}.Release|Any CPU.Build.0 = Release|Any CPU
		{D12C6E96-4893-408E-9F53-A142DC82E993}.Debug|Any CPU.ActiveCfg = Debug|Any CPU
		{D12C6E96-4893-408E-9F53-A142DC82E993}.Debug|Any CPU.Build.0 = Debug|Any CPU
		{D12C6E96-4893-408E-9F53-A142DC82E993}.Release|Any CPU.ActiveCfg = Release|Any CPU
		{D12C6E96-4893-408E-9F53-A142DC82E993}.Release|Any CPU.Build.0 = Release|Any CPU
		{5CA90A21-AC2E-4C30-B618-A459A1E5B04F}.Debug|Any CPU.ActiveCfg = Debug|Any CPU
		{5CA90A21-AC2E-4C30-B618-A459A1E5B04F}.Debug|Any CPU.Build.0 = Debug|Any CPU
		{5CA90A21-AC2E-4C30-B618-A459A1E5B04F}.Release|Any CPU.ActiveCfg = Release|Any CPU
		{5CA90A21-AC2E-4C30-B618-A459A1E5B04F}.Release|Any CPU.Build.0 = Release|Any CPU
		{3D3C588D-6BB5-46CD-B844-61136D30A1FB}.Debug|Any CPU.ActiveCfg = Debug|Any CPU
		{3D3C588D-6BB5-46CD-B844-61136D30A1FB}.Debug|Any CPU.Build.0 = Debug|Any CPU
		{3D3C588D-6BB5-46CD-B844-61136D30A1FB}.Release|Any CPU.ActiveCfg = Release|Any CPU
		{3D3C588D-6BB5-46CD-B844-61136D30A1FB}.Release|Any CPU.Build.0 = Release|Any CPU
		{5AF3F7A2-45A3-4116-88DC-F6983533DF7B}.Debug|Any CPU.ActiveCfg = Debug|Any CPU
		{5AF3F7A2-45A3-4116-88DC-F6983533DF7B}.Debug|Any CPU.Build.0 = Debug|Any CPU
		{5AF3F7A2-45A3-4116-88DC-F6983533DF7B}.Release|Any CPU.ActiveCfg = Release|Any CPU
		{5AF3F7A2-45A3-4116-88DC-F6983533DF7B}.Release|Any CPU.Build.0 = Release|Any CPU
		{94CBA86B-14B2-4608-A026-2F97F1964BA6}.Debug|Any CPU.ActiveCfg = Debug|Any CPU
		{94CBA86B-14B2-4608-A026-2F97F1964BA6}.Debug|Any CPU.Build.0 = Debug|Any CPU
		{94CBA86B-14B2-4608-A026-2F97F1964BA6}.Release|Any CPU.ActiveCfg = Release|Any CPU
		{94CBA86B-14B2-4608-A026-2F97F1964BA6}.Release|Any CPU.Build.0 = Release|Any CPU
	EndGlobalSection
	GlobalSection(SolutionProperties) = preSolution
		HideSolutionNode = FALSE
	EndGlobalSection
	GlobalSection(ExtensibilityGlobals) = postSolution
		SolutionGuid = {B5F4527D-CCCF-4487-9E2D-D324DF3552E8}
	EndGlobalSection
EndGlobal
