
Microsoft Visual Studio Solution File, Format Version 12.00
Project("{FAE04EC0-301F-11D3-BF4B-00C04F79EFBC}") = "Spark.Engine", "src\Spark.Engine\Spark.Engine.csproj", "{B8BA64C9-0229-4188-AA35-5088B1AE6B98}"
EndProject
Project("{FAE04EC0-301F-11D3-BF4B-00C04F79EFBC}") = "Spark.Mongo", "src\Spark.Mongo\Spark.Mongo.csproj", "{44D0A7A7-7346-4DD4-9173-070F7D7C322A}"
EndProject
Project("{FAE04EC0-301F-11D3-BF4B-00C04F79EFBC}") = "Spark-Legacy", "src\Spark-Legacy\Spark-Legacy.csproj", "{D12C6E96-4893-408E-9F53-A142DC82E993}"
EndProject
Global
	GlobalSection(SolutionConfigurationPlatforms) = preSolution
		Debug|Any CPU = Debug|Any CPU
		Release|Any CPU = Release|Any CPU
	EndGlobalSection
	GlobalSection(ProjectConfigurationPlatforms) = postSolution
		{B8BA64C9-0229-4188-AA35-5088B1AE6B98}.Debug|Any CPU.ActiveCfg = Debug|Any CPU
		{B8BA64C9-0229-4188-AA35-5088B1AE6B98}.Debug|Any CPU.Build.0 = Debug|Any CPU
		{B8BA64C9-0229-4188-AA35-5088B1AE6B98}.Release|Any CPU.ActiveCfg = Release|Any CPU
		{B8BA64C9-0229-4188-AA35-5088B1AE6B98}.Release|Any CPU.Build.0 = Release|Any CPU
		{44D0A7A7-7346-4DD4-9173-070F7D7C322A}.Debug|Any CPU.ActiveCfg = Debug|Any CPU
		{44D0A7A7-7346-4DD4-9173-070F7D7C322A}.Debug|Any CPU.Build.0 = Debug|Any CPU
		{44D0A7A7-7346-4DD4-9173-070F7D7C322A}.Release|Any CPU.ActiveCfg = Release|Any CPU
		{44D0A7A7-7346-4DD4-9173-070F7D7C322A}.Release|Any CPU.Build.0 = Release|Any CPU
		{D12C6E96-4893-408E-9F53-A142DC82E993}.Debug|Any CPU.ActiveCfg = Debug|Any CPU
		{D12C6E96-4893-408E-9F53-A142DC82E993}.Debug|Any CPU.Build.0 = Debug|Any CPU
		{D12C6E96-4893-408E-9F53-A142DC82E993}.Release|Any CPU.ActiveCfg = Release|Any CPU
		{D12C6E96-4893-408E-9F53-A142DC82E993}.Release|Any CPU.Build.0 = Release|Any CPU
	EndGlobalSection
EndGlobal
