
Microsoft Visual Studio Solution File, Format Version 12.00
# Visual Studio Version 16
VisualStudioVersion = 16.0.29709.97
MinimumVisualStudioVersion = 10.0.40219.1
Project("{9A19103F-16F7-4668-BE54-9A1E7A4F7556}") = "Spark.Engine", "src\Spark.Engine\Spark.Engine.csproj", "{426991A6-546C-43D5-B055-A38D0175824F}"
EndProject
Project("{9A19103F-16F7-4668-BE54-9A1E7A4F7556}") = "Spark.Mongo", "src\Spark.Mongo\Spark.Mongo.csproj", "{5F0EAEA9-5226-46FF-A915-4DE9B3BA6ADD}"
EndProject
Project("{FAE04EC0-301F-11D3-BF4B-00C04F79EFBC}") = "Spark", "src\Spark\Spark.csproj", "{D12C6E96-4893-408E-9F53-A142DC82E993}"
EndProject
Project("{9A19103F-16F7-4668-BE54-9A1E7A4F7556}") = "Spark.Engine.Test", "src\Spark.Engine.Test\Spark.Engine.Test.csproj", "{5CA90A21-AC2E-4C30-B618-A459A1E5B04F}"
EndProject
Project("{9A19103F-16F7-4668-BE54-9A1E7A4F7556}") = "Spark.Mongo.Tests", "src\Spark.Mongo.Tests\Spark.Mongo.Tests.csproj", "{3D3C588D-6BB5-46CD-B844-61136D30A1FB}"
EndProject
Project("{9A19103F-16F7-4668-BE54-9A1E7A4F7556}") = "Spark.Web", "src\Spark.Web\Spark.Web.csproj", "{6A59CE4B-D912-4995-A805-89705B8134E0}"
EndProject
Project("{2150E333-8FDC-42A3-9474-1A3956D46DE8}") = "Solution Items", "Solution Items", "{073444E3-56AE-4904-8EBD-DED0F9B54499}"
	ProjectSection(SolutionItems) = preProject
		.editorconfig = .editorconfig
	EndProjectSection
EndProject
Project("{9A19103F-16F7-4668-BE54-9A1E7A4F7556}") = "Spark.IntegrationTest", "src\Spark.IntegrationTest\Spark.IntegrationTest.csproj", "{49FB5DBC-8F10-49C2-B358-84EEF9B12F83}"
EndProject
Project("{2150E333-8FDC-42A3-9474-1A3956D46DE8}") = ".docker", ".docker", "{40662456-0D34-4F03-8568-A10372856F88}"
	ProjectSection(SolutionItems) = preProject
		.docker\docker-compose.example.yml = .docker\docker-compose.example.yml
	EndProjectSection
EndProject
Project("{2150E333-8FDC-42A3-9474-1A3956D46DE8}") = "linux", "linux", "{152C561B-C5BE-448A-9AD9-60BE3064CEAC}"
	ProjectSection(SolutionItems) = preProject
		.docker\linux\dstu2.archive.gz = .docker\linux\dstu2.archive.gz
		.docker\linux\Mongo.Dockerfile = .docker\linux\Mongo.Dockerfile
		.docker\linux\mongorestore.sh = .docker\linux\mongorestore.sh
		.docker\linux\Spark.Dockerfile = .docker\linux\Spark.Dockerfile
	EndProjectSection
EndProject
Project("{2150E333-8FDC-42A3-9474-1A3956D46DE8}") = ".github", ".github", "{36B3A784-1A43-4DDE-8BE9-18D198113729}"
EndProject
Project("{2150E333-8FDC-42A3-9474-1A3956D46DE8}") = "workflows", "workflows", "{3278905B-E0BB-4996-BC5A-EE6B9A04CFE6}"
	ProjectSection(SolutionItems) = preProject
		.github\workflows\deploy_docs.yml = .github\workflows\deploy_docs.yml
		.github\workflows\docker_image_linux.yml = .github\workflows\docker_image_linux.yml
		.github\workflows\nuget_deploy.yml = .github\workflows\nuget_deploy.yml
		.github\workflows\run_tests.yaml = .github\workflows\run_tests.yaml
	EndProjectSection
EndProject
Global
	GlobalSection(SolutionConfigurationPlatforms) = preSolution
		Debug|Any CPU = Debug|Any CPU
		Release|Any CPU = Release|Any CPU
	EndGlobalSection
	GlobalSection(ProjectConfigurationPlatforms) = postSolution
		{426991A6-546C-43D5-B055-A38D0175824F}.Debug|Any CPU.ActiveCfg = Debug|Any CPU
		{426991A6-546C-43D5-B055-A38D0175824F}.Debug|Any CPU.Build.0 = Debug|Any CPU
		{426991A6-546C-43D5-B055-A38D0175824F}.Release|Any CPU.ActiveCfg = Release|Any CPU
		{426991A6-546C-43D5-B055-A38D0175824F}.Release|Any CPU.Build.0 = Release|Any CPU
		{5F0EAEA9-5226-46FF-A915-4DE9B3BA6ADD}.Debug|Any CPU.ActiveCfg = Debug|Any CPU
		{5F0EAEA9-5226-46FF-A915-4DE9B3BA6ADD}.Debug|Any CPU.Build.0 = Debug|Any CPU
		{5F0EAEA9-5226-46FF-A915-4DE9B3BA6ADD}.Release|Any CPU.ActiveCfg = Release|Any CPU
		{5F0EAEA9-5226-46FF-A915-4DE9B3BA6ADD}.Release|Any CPU.Build.0 = Release|Any CPU
		{D12C6E96-4893-408E-9F53-A142DC82E993}.Debug|Any CPU.ActiveCfg = Debug|Any CPU
		{D12C6E96-4893-408E-9F53-A142DC82E993}.Debug|Any CPU.Build.0 = Debug|Any CPU
		{D12C6E96-4893-408E-9F53-A142DC82E993}.Release|Any CPU.ActiveCfg = Release|Any CPU
		{D12C6E96-4893-408E-9F53-A142DC82E993}.Release|Any CPU.Build.0 = Release|Any CPU
		{5CA90A21-AC2E-4C30-B618-A459A1E5B04F}.Debug|Any CPU.ActiveCfg = Debug|Any CPU
		{5CA90A21-AC2E-4C30-B618-A459A1E5B04F}.Debug|Any CPU.Build.0 = Debug|Any CPU
		{5CA90A21-AC2E-4C30-B618-A459A1E5B04F}.Release|Any CPU.ActiveCfg = Release|Any CPU
		{5CA90A21-AC2E-4C30-B618-A459A1E5B04F}.Release|Any CPU.Build.0 = Release|Any CPU
		{3D3C588D-6BB5-46CD-B844-61136D30A1FB}.Debug|Any CPU.ActiveCfg = Debug|Any CPU
		{3D3C588D-6BB5-46CD-B844-61136D30A1FB}.Debug|Any CPU.Build.0 = Debug|Any CPU
		{3D3C588D-6BB5-46CD-B844-61136D30A1FB}.Release|Any CPU.ActiveCfg = Release|Any CPU
		{3D3C588D-6BB5-46CD-B844-61136D30A1FB}.Release|Any CPU.Build.0 = Release|Any CPU
		{6A59CE4B-D912-4995-A805-89705B8134E0}.Debug|Any CPU.ActiveCfg = Debug|Any CPU
		{6A59CE4B-D912-4995-A805-89705B8134E0}.Debug|Any CPU.Build.0 = Debug|Any CPU
		{6A59CE4B-D912-4995-A805-89705B8134E0}.Release|Any CPU.ActiveCfg = Release|Any CPU
		{6A59CE4B-D912-4995-A805-89705B8134E0}.Release|Any CPU.Build.0 = Release|Any CPU
		{49FB5DBC-8F10-49C2-B358-84EEF9B12F83}.Debug|Any CPU.ActiveCfg = Debug|Any CPU
		{49FB5DBC-8F10-49C2-B358-84EEF9B12F83}.Debug|Any CPU.Build.0 = Debug|Any CPU
		{49FB5DBC-8F10-49C2-B358-84EEF9B12F83}.Release|Any CPU.ActiveCfg = Release|Any CPU
		{49FB5DBC-8F10-49C2-B358-84EEF9B12F83}.Release|Any CPU.Build.0 = Release|Any CPU
	EndGlobalSection
	GlobalSection(SolutionProperties) = preSolution
		HideSolutionNode = FALSE
	EndGlobalSection
	GlobalSection(NestedProjects) = preSolution
		{40662456-0D34-4F03-8568-A10372856F88} = {073444E3-56AE-4904-8EBD-DED0F9B54499}
		{152C561B-C5BE-448A-9AD9-60BE3064CEAC} = {40662456-0D34-4F03-8568-A10372856F88}
		{36B3A784-1A43-4DDE-8BE9-18D198113729} = {073444E3-56AE-4904-8EBD-DED0F9B54499}
		{3278905B-E0BB-4996-BC5A-EE6B9A04CFE6} = {36B3A784-1A43-4DDE-8BE9-18D198113729}
	EndGlobalSection
	GlobalSection(ExtensibilityGlobals) = postSolution
		SolutionGuid = {B5F4527D-CCCF-4487-9E2D-D324DF3552E8}
	EndGlobalSection
EndGlobal
