
Microsoft Visual Studio Solution File, Format Version 12.00
# Visual Studio 2013
VisualStudioVersion = 12.0.31101.0
MinimumVisualStudioVersion = 10.0.40219.1
Project("{FAE04EC0-301F-11D3-BF4B-00C04F79EFBC}") = "Spark", "Spark\Spark.csproj", "{C3CB4C64-C694-4374-B816-65E8439102D1}"
	ProjectSection(ProjectDependencies) = postProject
		{7414D50E-AF38-4501-A59A-054A3173F893} = {7414D50E-AF38-4501-A59A-054A3173F893}
		{557A68B1-39E9-413D-B571-CC1D73E43438} = {557A68B1-39E9-413D-B571-CC1D73E43438}
	EndProjectSection
EndProject
Project("{2150E333-8FDC-42A3-9474-1A3956D46DE8}") = ".nuget", ".nuget", "{490003B5-1860-431F-999F-A7605F9F4E68}"
EndProject
Project("{FAE04EC0-301F-11D3-BF4B-00C04F79EFBC}") = "Spark.Engine", "Spark.Engine\Spark.Engine.csproj", "{7414D50E-AF38-4501-A59A-054A3173F893}"
EndProject
Project("{FAE04EC0-301F-11D3-BF4B-00C04F79EFBC}") = "Spark.MongoStore", "Spark.MongoStore\Spark.MongoStore.csproj", "{557A68B1-39E9-413D-B571-CC1D73E43438}"
EndProject
Global
	GlobalSection(SolutionConfigurationPlatforms) = preSolution
		Debug|Any CPU = Debug|Any CPU
		FhirLab.AppHarbor|Any CPU = FhirLab.AppHarbor|Any CPU
		Fhirlab|Any CPU = Fhirlab|Any CPU
		Release|Any CPU = Release|Any CPU
	EndGlobalSection
	GlobalSection(ProjectConfigurationPlatforms) = postSolution
		{C3CB4C64-C694-4374-B816-65E8439102D1}.Debug|Any CPU.ActiveCfg = Debug|Any CPU
		{C3CB4C64-C694-4374-B816-65E8439102D1}.Debug|Any CPU.Build.0 = Debug|Any CPU
		{C3CB4C64-C694-4374-B816-65E8439102D1}.Debug|Any CPU.Deploy.0 = Debug|Any CPU
		{C3CB4C64-C694-4374-B816-65E8439102D1}.FhirLab.AppHarbor|Any CPU.ActiveCfg = FhirLab.AppHarbor|Any CPU
		{C3CB4C64-C694-4374-B816-65E8439102D1}.FhirLab.AppHarbor|Any CPU.Build.0 = FhirLab.AppHarbor|Any CPU
		{C3CB4C64-C694-4374-B816-65E8439102D1}.Fhirlab|Any CPU.ActiveCfg = Fhirlab|Any CPU
		{C3CB4C64-C694-4374-B816-65E8439102D1}.Fhirlab|Any CPU.Build.0 = Fhirlab|Any CPU
		{C3CB4C64-C694-4374-B816-65E8439102D1}.Release|Any CPU.ActiveCfg = Release|Any CPU
		{C3CB4C64-C694-4374-B816-65E8439102D1}.Release|Any CPU.Build.0 = Release|Any CPU
		{7414D50E-AF38-4501-A59A-054A3173F893}.Debug|Any CPU.ActiveCfg = Debug|Any CPU
		{7414D50E-AF38-4501-A59A-054A3173F893}.Debug|Any CPU.Build.0 = Debug|Any CPU
		{7414D50E-AF38-4501-A59A-054A3173F893}.FhirLab.AppHarbor|Any CPU.ActiveCfg = Release|Any CPU
		{7414D50E-AF38-4501-A59A-054A3173F893}.FhirLab.AppHarbor|Any CPU.Build.0 = Release|Any CPU
		{7414D50E-AF38-4501-A59A-054A3173F893}.Fhirlab|Any CPU.ActiveCfg = Release|Any CPU
		{7414D50E-AF38-4501-A59A-054A3173F893}.Fhirlab|Any CPU.Build.0 = Release|Any CPU
		{7414D50E-AF38-4501-A59A-054A3173F893}.Release|Any CPU.ActiveCfg = Release|Any CPU
		{7414D50E-AF38-4501-A59A-054A3173F893}.Release|Any CPU.Build.0 = Release|Any CPU
		{557A68B1-39E9-413D-B571-CC1D73E43438}.Debug|Any CPU.ActiveCfg = Debug|Any CPU
		{557A68B1-39E9-413D-B571-CC1D73E43438}.Debug|Any CPU.Build.0 = Debug|Any CPU
		{557A68B1-39E9-413D-B571-CC1D73E43438}.FhirLab.AppHarbor|Any CPU.ActiveCfg = Release|Any CPU
		{557A68B1-39E9-413D-B571-CC1D73E43438}.FhirLab.AppHarbor|Any CPU.Build.0 = Release|Any CPU
		{557A68B1-39E9-413D-B571-CC1D73E43438}.Fhirlab|Any CPU.ActiveCfg = Release|Any CPU
		{557A68B1-39E9-413D-B571-CC1D73E43438}.Fhirlab|Any CPU.Build.0 = Release|Any CPU
		{557A68B1-39E9-413D-B571-CC1D73E43438}.Release|Any CPU.ActiveCfg = Release|Any CPU
		{557A68B1-39E9-413D-B571-CC1D73E43438}.Release|Any CPU.Build.0 = Release|Any CPU
	EndGlobalSection
	GlobalSection(SolutionProperties) = preSolution
		HideSolutionNode = FALSE
	EndGlobalSection
EndGlobal
